// !$*UTF8*$!
{
	archiveVersion = 1;
	classes = {
	};
	objectVersion = 77;
	objects = {

/* Begin PBXBuildFile section */
		8C4F88952DF20F9C00A54601 /* CoreManager in Frameworks */ = {isa = PBXBuildFile; productRef = 8C4F88942DF20F9C00A54601 /* CoreManager */; };
		8C4F889A2DF3159C00A54601 /* CoreManager in Frameworks */ = {isa = PBXBuildFile; productRef = 8C4F88992DF3159C00A54601 /* CoreManager */; };
/* End PBXBuildFile section */

/* Begin PBXContainerItemProxy section */
		8CE46B1D2DE802A500D77358 /* PBXContainerItemProxy */ = {
			isa = PBXContainerItemProxy;
			containerPortal = 8CE46B072DE802A300D77358 /* Project object */;
			proxyType = 1;
			remoteGlobalIDString = 8CE46B0E2DE802A300D77358;
			remoteInfo = AIChatApp;
		};
		8CE46B272DE802A500D77358 /* PBXContainerItemProxy */ = {
			isa = PBXContainerItemProxy;
			containerPortal = 8CE46B072DE802A300D77358 /* Project object */;
			proxyType = 1;
			remoteGlobalIDString = 8CE46B0E2DE802A300D77358;
			remoteInfo = AIChatApp;
		};
/* End PBXContainerItemProxy section */

/* Begin PBXFileReference section */
		8CE46B0F2DE802A300D77358 /* AIChatApp.app */ = {isa = PBXFileReference; explicitFileType = wrapper.application; includeInIndex = 0; path = AIChatApp.app; sourceTree = BUILT_PRODUCTS_DIR; };
		8CE46B1C2DE802A500D77358 /* AIChatAppTests.xctest */ = {isa = PBXFileReference; explicitFileType = wrapper.cfbundle; includeInIndex = 0; path = AIChatAppTests.xctest; sourceTree = BUILT_PRODUCTS_DIR; };
		8CE46B262DE802A500D77358 /* AIChatAppUITests.xctest */ = {isa = PBXFileReference; explicitFileType = wrapper.cfbundle; includeInIndex = 0; path = AIChatAppUITests.xctest; sourceTree = BUILT_PRODUCTS_DIR; };
/* End PBXFileReference section */

/* Begin PBXFileSystemSynchronizedRootGroup section */
		8CE46B112DE802A300D77358 /* AIChatApp */ = {
			isa = PBXFileSystemSynchronizedRootGroup;
			path = AIChatApp;
			sourceTree = "<group>";
		};
		8CE46B1F2DE802A500D77358 /* AIChatAppTests */ = {
			isa = PBXFileSystemSynchronizedRootGroup;
			path = AIChatAppTests;
			sourceTree = "<group>";
		};
		8CE46B292DE802A500D77358 /* AIChatAppUITests */ = {
			isa = PBXFileSystemSynchronizedRootGroup;
			path = AIChatAppUITests;
			sourceTree = "<group>";
		};
/* End PBXFileSystemSynchronizedRootGroup section */

/* Begin PBXFrameworksBuildPhase section */
		8CE46B0C2DE802A300D77358 /* Frameworks */ = {
			isa = PBXFrameworksBuildPhase;
			buildActionMask = 2147483647;
			files = (
				8C4F88952DF20F9C00A54601 /* CoreManager in Frameworks */,
				8C4F889A2DF3159C00A54601 /* CoreManager in Frameworks */,
			);
			runOnlyForDeploymentPostprocessing = 0;
		};
		8CE46B192DE802A500D77358 /* Frameworks */ = {
			isa = PBXFrameworksBuildPhase;
			buildActionMask = 2147483647;
			files = (
			);
			runOnlyForDeploymentPostprocessing = 0;
		};
		8CE46B232DE802A500D77358 /* Frameworks */ = {
			isa = PBXFrameworksBuildPhase;
			buildActionMask = 2147483647;
			files = (
			);
			runOnlyForDeploymentPostprocessing = 0;
		};
/* End PBXFrameworksBuildPhase section */

/* Begin PBXGroup section */
		8C4F88932DF20F9C00A54601 /* Frameworks */ = {
			isa = PBXGroup;
			children = (
			);
			name = Frameworks;
			sourceTree = "<group>";
		};
		8CE46B062DE802A300D77358 = {
			isa = PBXGroup;
			children = (
				8CE46B112DE802A300D77358 /* AIChatApp */,
				8CE46B1F2DE802A500D77358 /* AIChatAppTests */,
				8CE46B292DE802A500D77358 /* AIChatAppUITests */,
				8C4F88932DF20F9C00A54601 /* Frameworks */,
				8CE46B102DE802A300D77358 /* Products */,
			);
			sourceTree = "<group>";
		};
		8CE46B102DE802A300D77358 /* Products */ = {
			isa = PBXGroup;
			children = (
				8CE46B0F2DE802A300D77358 /* AIChatApp.app */,
				8CE46B1C2DE802A500D77358 /* AIChatAppTests.xctest */,
				8CE46B262DE802A500D77358 /* AIChatAppUITests.xctest */,
			);
			name = Products;
			sourceTree = "<group>";
		};
/* End PBXGroup section */

/* Begin PBXNativeTarget section */
		8CE46B0E2DE802A300D77358 /* AIChatApp */ = {
			isa = PBXNativeTarget;
			buildConfigurationList = 8CE46B302DE802A500D77358 /* Build configuration list for PBXNativeTarget "AIChatApp" */;
			buildPhases = (
				8CE46B0B2DE802A300D77358 /* Sources */,
				8CE46B0C2DE802A300D77358 /* Frameworks */,
				8CE46B0D2DE802A300D77358 /* Resources */,
			);
			buildRules = (
			);
			dependencies = (
			);
			fileSystemSynchronizedGroups = (
				8CE46B112DE802A300D77358 /* AIChatApp */,
			);
			name = AIChatApp;
			packageProductDependencies = (
				8C4F88942DF20F9C00A54601 /* CoreManager */,
				8C4F88992DF3159C00A54601 /* CoreManager */,
			);
			productName = AIChatApp;
			productReference = 8CE46B0F2DE802A300D77358 /* AIChatApp.app */;
			productType = "com.apple.product-type.application";
		};
		8CE46B1B2DE802A500D77358 /* AIChatAppTests */ = {
			isa = PBXNativeTarget;
			buildConfigurationList = 8CE46B332DE802A500D77358 /* Build configuration list for PBXNativeTarget "AIChatAppTests" */;
			buildPhases = (
				8CE46B182DE802A500D77358 /* Sources */,
				8CE46B192DE802A500D77358 /* Frameworks */,
				8CE46B1A2DE802A500D77358 /* Resources */,
			);
			buildRules = (
			);
			dependencies = (
				8CE46B1E2DE802A500D77358 /* PBXTargetDependency */,
			);
			fileSystemSynchronizedGroups = (
				8CE46B1F2DE802A500D77358 /* AIChatAppTests */,
			);
			name = AIChatAppTests;
			packageProductDependencies = (
			);
			productName = AIChatAppTests;
			productReference = 8CE46B1C2DE802A500D77358 /* AIChatAppTests.xctest */;
			productType = "com.apple.product-type.bundle.unit-test";
		};
		8CE46B252DE802A500D77358 /* AIChatAppUITests */ = {
			isa = PBXNativeTarget;
			buildConfigurationList = 8CE46B362DE802A500D77358 /* Build configuration list for PBXNativeTarget "AIChatAppUITests" */;
			buildPhases = (
				8CE46B222DE802A500D77358 /* Sources */,
				8CE46B232DE802A500D77358 /* Frameworks */,
				8CE46B242DE802A500D77358 /* Resources */,
			);
			buildRules = (
			);
			dependencies = (
				8CE46B282DE802A500D77358 /* PBXTargetDependency */,
			);
			fileSystemSynchronizedGroups = (
				8CE46B292DE802A500D77358 /* AIChatAppUITests */,
			);
			name = AIChatAppUITests;
			packageProductDependencies = (
			);
			productName = AIChatAppUITests;
			productReference = 8CE46B262DE802A500D77358 /* AIChatAppUITests.xctest */;
			productType = "com.apple.product-type.bundle.ui-testing";
		};
/* End PBXNativeTarget section */

/* Begin PBXProject section */
		8CE46B072DE802A300D77358 /* Project object */ = {
			isa = PBXProject;
			attributes = {
				BuildIndependentTargetsInParallel = 1;
				LastSwiftUpdateCheck = 1630;
				LastUpgradeCheck = 1630;
				TargetAttributes = {
					8CE46B0E2DE802A300D77358 = {
						CreatedOnToolsVersion = 16.3;
					};
					8CE46B1B2DE802A500D77358 = {
						CreatedOnToolsVersion = 16.3;
						TestTargetID = 8CE46B0E2DE802A300D77358;
					};
					8CE46B252DE802A500D77358 = {
						CreatedOnToolsVersion = 16.3;
						TestTargetID = 8CE46B0E2DE802A300D77358;
					};
				};
			};
			buildConfigurationList = 8CE46B0A2DE802A300D77358 /* Build configuration list for PBXProject "AIChatApp" */;
			developmentRegion = en;
			hasScannedForEncodings = 0;
			knownRegions = (
				en,
				Base,
			);
			mainGroup = 8CE46B062DE802A300D77358;
			minimizedProjectReferenceProxies = 1;
			packageReferences = (
				8C4F88982DF3159C00A54601 /* XCRemoteSwiftPackageReference "CoreManager" */,
			);
			preferredProjectObjectVersion = 77;
			productRefGroup = 8CE46B102DE802A300D77358 /* Products */;
			projectDirPath = "";
			projectRoot = "";
			targets = (
				8CE46B0E2DE802A300D77358 /* AIChatApp */,
				8CE46B1B2DE802A500D77358 /* AIChatAppTests */,
				8CE46B252DE802A500D77358 /* AIChatAppUITests */,
			);
		};
/* End PBXProject section */

/* Begin PBXResourcesBuildPhase section */
		8CE46B0D2DE802A300D77358 /* Resources */ = {
			isa = PBXResourcesBuildPhase;
			buildActionMask = 2147483647;
			files = (
			);
			runOnlyForDeploymentPostprocessing = 0;
		};
		8CE46B1A2DE802A500D77358 /* Resources */ = {
			isa = PBXResourcesBuildPhase;
			buildActionMask = 2147483647;
			files = (
			);
			runOnlyForDeploymentPostprocessing = 0;
		};
		8CE46B242DE802A500D77358 /* Resources */ = {
			isa = PBXResourcesBuildPhase;
			buildActionMask = 2147483647;
			files = (
			);
			runOnlyForDeploymentPostprocessing = 0;
		};
/* End PBXResourcesBuildPhase section */

/* Begin PBXSourcesBuildPhase section */
		8CE46B0B2DE802A300D77358 /* Sources */ = {
			isa = PBXSourcesBuildPhase;
			buildActionMask = 2147483647;
			files = (
			);
			runOnlyForDeploymentPostprocessing = 0;
		};
		8CE46B182DE802A500D77358 /* Sources */ = {
			isa = PBXSourcesBuildPhase;
			buildActionMask = 2147483647;
			files = (
			);
			runOnlyForDeploymentPostprocessing = 0;
		};
		8CE46B222DE802A500D77358 /* Sources */ = {
			isa = PBXSourcesBuildPhase;
			buildActionMask = 2147483647;
			files = (
			);
			runOnlyForDeploymentPostprocessing = 0;
		};
/* End PBXSourcesBuildPhase section */

/* Begin PBXTargetDependency section */
		8CE46B1E2DE802A500D77358 /* PBXTargetDependency */ = {
			isa = PBXTargetDependency;
			target = 8CE46B0E2DE802A300D77358 /* AIChatApp */;
			targetProxy = 8CE46B1D2DE802A500D77358 /* PBXContainerItemProxy */;
		};
		8CE46B282DE802A500D77358 /* PBXTargetDependency */ = {
			isa = PBXTargetDependency;
			target = 8CE46B0E2DE802A300D77358 /* AIChatApp */;
			targetProxy = 8CE46B272DE802A500D77358 /* PBXContainerItemProxy */;
		};
/* End PBXTargetDependency section */

/* Begin XCBuildConfiguration section */
		8CE46B2E2DE802A500D77358 /* Debug */ = {
			isa = XCBuildConfiguration;
			buildSettings = {
				ALWAYS_SEARCH_USER_PATHS = NO;
				ASSETCATALOG_COMPILER_GENERATE_SWIFT_ASSET_SYMBOL_EXTENSIONS = YES;
				CLANG_ANALYZER_NONNULL = YES;
				CLANG_ANALYZER_NUMBER_OBJECT_CONVERSION = YES_AGGRESSIVE;
				CLANG_CXX_LANGUAGE_STANDARD = "gnu++20";
				CLANG_ENABLE_MODULES = YES;
				CLANG_ENABLE_OBJC_ARC = YES;
				CLANG_ENABLE_OBJC_WEAK = YES;
				CLANG_WARN_BLOCK_CAPTURE_AUTORELEASING = YES;
				CLANG_WARN_BOOL_CONVERSION = YES;
				CLANG_WARN_COMMA = YES;
				CLANG_WARN_CONSTANT_CONVERSION = YES;
				CLANG_WARN_DEPRECATED_OBJC_IMPLEMENTATIONS = YES;
				CLANG_WARN_DIRECT_OBJC_ISA_USAGE = YES_ERROR;
				CLANG_WARN_DOCUMENTATION_COMMENTS = YES;
				CLANG_WARN_EMPTY_BODY = YES;
				CLANG_WARN_ENUM_CONVERSION = YES;
				CLANG_WARN_INFINITE_RECURSION = YES;
				CLANG_WARN_INT_CONVERSION = YES;
				CLANG_WARN_NON_LITERAL_NULL_CONVERSION = YES;
				CLANG_WARN_OBJC_IMPLICIT_RETAIN_SELF = YES;
				CLANG_WARN_OBJC_LITERAL_CONVERSION = YES;
				CLANG_WARN_OBJC_ROOT_CLASS = YES_ERROR;
				CLANG_WARN_QUOTED_INCLUDE_IN_FRAMEWORK_HEADER = YES;
				CLANG_WARN_RANGE_LOOP_ANALYSIS = YES;
				CLANG_WARN_STRICT_PROTOTYPES = YES;
				CLANG_WARN_SUSPICIOUS_MOVE = YES;
				CLANG_WARN_UNGUARDED_AVAILABILITY = YES_AGGRESSIVE;
				CLANG_WARN_UNREACHABLE_CODE = YES;
				CLANG_WARN__DUPLICATE_METHOD_MATCH = YES;
				COPY_PHASE_STRIP = NO;
				DEBUG_INFORMATION_FORMAT = dwarf;
				ENABLE_STRICT_OBJC_MSGSEND = YES;
				ENABLE_TESTABILITY = YES;
				ENABLE_USER_SCRIPT_SANDBOXING = YES;
				GCC_C_LANGUAGE_STANDARD = gnu17;
				GCC_DYNAMIC_NO_PIC = NO;
				GCC_NO_COMMON_BLOCKS = YES;
				GCC_OPTIMIZATION_LEVEL = 0;
				GCC_PREPROCESSOR_DEFINITIONS = (
					"DEBUG=1",
					"$(inherited)",
				);
				GCC_WARN_64_TO_32_BIT_CONVERSION = YES;
				GCC_WARN_ABOUT_RETURN_TYPE = YES_ERROR;
				GCC_WARN_UNDECLARED_SELECTOR = YES;
				GCC_WARN_UNINITIALIZED_AUTOS = YES_AGGRESSIVE;
				GCC_WARN_UNUSED_FUNCTION = YES;
				GCC_WARN_UNUSED_VARIABLE = YES;
				IPHONEOS_DEPLOYMENT_TARGET = 18.4;
				LOCALIZATION_PREFERS_STRING_CATALOGS = YES;
				MTL_ENABLE_DEBUG_INFO = INCLUDE_SOURCE;
				MTL_FAST_MATH = YES;
				ONLY_ACTIVE_ARCH = YES;
				SDKROOT = iphoneos;
				SWIFT_ACTIVE_COMPILATION_CONDITIONS = "DEBUG $(inherited)";
				SWIFT_OPTIMIZATION_LEVEL = "-Onone";
			};
			name = Debug;
		};
		8CE46B2F2DE802A500D77358 /* Release */ = {
			isa = XCBuildConfiguration;
			buildSettings = {
				ALWAYS_SEARCH_USER_PATHS = NO;
				ASSETCATALOG_COMPILER_GENERATE_SWIFT_ASSET_SYMBOL_EXTENSIONS = YES;
				CLANG_ANALYZER_NONNULL = YES;
				CLANG_ANALYZER_NUMBER_OBJECT_CONVERSION = YES_AGGRESSIVE;
				CLANG_CXX_LANGUAGE_STANDARD = "gnu++20";
				CLANG_ENABLE_MODULES = YES;
				CLANG_ENABLE_OBJC_ARC = YES;
				CLANG_ENABLE_OBJC_WEAK = YES;
				CLANG_WARN_BLOCK_CAPTURE_AUTORELEASING = YES;
				CLANG_WARN_BOOL_CONVERSION = YES;
				CLANG_WARN_COMMA = YES;
				CLANG_WARN_CONSTANT_CONVERSION = YES;
				CLANG_WARN_DEPRECATED_OBJC_IMPLEMENTATIONS = YES;
				CLANG_WARN_DIRECT_OBJC_ISA_USAGE = YES_ERROR;
				CLANG_WARN_DOCUMENTATION_COMMENTS = YES;
				CLANG_WARN_EMPTY_BODY = YES;
				CLANG_WARN_ENUM_CONVERSION = YES;
				CLANG_WARN_INFINITE_RECURSION = YES;
				CLANG_WARN_INT_CONVERSION = YES;
				CLANG_WARN_NON_LITERAL_NULL_CONVERSION = YES;
				CLANG_WARN_OBJC_IMPLICIT_RETAIN_SELF = YES;
				CLANG_WARN_OBJC_LITERAL_CONVERSION = YES;
				CLANG_WARN_OBJC_ROOT_CLASS = YES_ERROR;
				CLANG_WARN_QUOTED_INCLUDE_IN_FRAMEWORK_HEADER = YES;
				CLANG_WARN_RANGE_LOOP_ANALYSIS = YES;
				CLANG_WARN_STRICT_PROTOTYPES = YES;
				CLANG_WARN_SUSPICIOUS_MOVE = YES;
				CLANG_WARN_UNGUARDED_AVAILABILITY = YES_AGGRESSIVE;
				CLANG_WARN_UNREACHABLE_CODE = YES;
				CLANG_WARN__DUPLICATE_METHOD_MATCH = YES;
				COPY_PHASE_STRIP = NO;
				DEBUG_INFORMATION_FORMAT = "dwarf-with-dsym";
				ENABLE_NS_ASSERTIONS = NO;
				ENABLE_STRICT_OBJC_MSGSEND = YES;
				ENABLE_USER_SCRIPT_SANDBOXING = YES;
				GCC_C_LANGUAGE_STANDARD = gnu17;
				GCC_NO_COMMON_BLOCKS = YES;
				GCC_WARN_64_TO_32_BIT_CONVERSION = YES;
				GCC_WARN_ABOUT_RETURN_TYPE = YES_ERROR;
				GCC_WARN_UNDECLARED_SELECTOR = YES;
				GCC_WARN_UNINITIALIZED_AUTOS = YES_AGGRESSIVE;
				GCC_WARN_UNUSED_FUNCTION = YES;
				GCC_WARN_UNUSED_VARIABLE = YES;
				IPHONEOS_DEPLOYMENT_TARGET = 18.4;
				LOCALIZATION_PREFERS_STRING_CATALOGS = YES;
				MTL_ENABLE_DEBUG_INFO = NO;
				MTL_FAST_MATH = YES;
				SDKROOT = iphoneos;
				SWIFT_COMPILATION_MODE = wholemodule;
				VALIDATE_PRODUCT = YES;
			};
			name = Release;
		};
		8CE46B312DE802A500D77358 /* Debug */ = {
			isa = XCBuildConfiguration;
			buildSettings = {
				ASSETCATALOG_COMPILER_APPICON_NAME = AppIcon;
				ASSETCATALOG_COMPILER_GLOBAL_ACCENT_COLOR_NAME = AccentColor;
				CODE_SIGN_STYLE = Automatic;
				CURRENT_PROJECT_VERSION = 1;
				DEVELOPMENT_TEAM = HP7B64RJ82;
				ENABLE_PREVIEWS = YES;
				GENERATE_INFOPLIST_FILE = YES;
				INFOPLIST_KEY_UIApplicationSceneManifest_Generation = YES;
				INFOPLIST_KEY_UIApplicationSupportsIndirectInputEvents = YES;
				INFOPLIST_KEY_UILaunchScreen_Generation = YES;
				INFOPLIST_KEY_UISupportedInterfaceOrientations_iPad = "UIInterfaceOrientationPortrait UIInterfaceOrientationPortraitUpsideDown UIInterfaceOrientationLandscapeLeft UIInterfaceOrientationLandscapeRight";
				INFOPLIST_KEY_UISupportedInterfaceOrientations_iPhone = "UIInterfaceOrientationPortrait UIInterfaceOrientationLandscapeLeft UIInterfaceOrientationLandscapeRight";
				LD_RUNPATH_SEARCH_PATHS = (
					"$(inherited)",
					"@executable_path/Frameworks",
				);
				MARKETING_VERSION = 1.0;
				PRODUCT_BUNDLE_IDENTIFIER = com.lamtalaa.AIChatApp;
				PRODUCT_NAME = "$(TARGET_NAME)";
				SWIFT_EMIT_LOC_STRINGS = YES;
				SWIFT_VERSION = 5.0;
				TARGETED_DEVICE_FAMILY = "1,2";
			};
			name = Debug;
		};
		8CE46B322DE802A500D77358 /* Release */ = {
			isa = XCBuildConfiguration;
			buildSettings = {
				ASSETCATALOG_COMPILER_APPICON_NAME = AppIcon;
				ASSETCATALOG_COMPILER_GLOBAL_ACCENT_COLOR_NAME = AccentColor;
				CODE_SIGN_STYLE = Automatic;
				CURRENT_PROJECT_VERSION = 1;
				DEVELOPMENT_TEAM = HP7B64RJ82;
				ENABLE_PREVIEWS = YES;
				GENERATE_INFOPLIST_FILE = YES;
				INFOPLIST_KEY_UIApplicationSceneManifest_Generation = YES;
				INFOPLIST_KEY_UIApplicationSupportsIndirectInputEvents = YES;
				INFOPLIST_KEY_UILaunchScreen_Generation = YES;
				INFOPLIST_KEY_UISupportedInterfaceOrientations_iPad = "UIInterfaceOrientationPortrait UIInterfaceOrientationPortraitUpsideDown UIInterfaceOrientationLandscapeLeft UIInterfaceOrientationLandscapeRight";
				INFOPLIST_KEY_UISupportedInterfaceOrientations_iPhone = "UIInterfaceOrientationPortrait UIInterfaceOrientationLandscapeLeft UIInterfaceOrientationLandscapeRight";
				LD_RUNPATH_SEARCH_PATHS = (
					"$(inherited)",
					"@executable_path/Frameworks",
				);
				MARKETING_VERSION = 1.0;
				PRODUCT_BUNDLE_IDENTIFIER = com.lamtalaa.AIChatApp;
				PRODUCT_NAME = "$(TARGET_NAME)";
				SWIFT_EMIT_LOC_STRINGS = YES;
				SWIFT_VERSION = 5.0;
				TARGETED_DEVICE_FAMILY = "1,2";
			};
			name = Release;
		};
		8CE46B342DE802A500D77358 /* Debug */ = {
			isa = XCBuildConfiguration;
			buildSettings = {
				BUNDLE_LOADER = "$(TEST_HOST)";
				CODE_SIGN_STYLE = Automatic;
				CURRENT_PROJECT_VERSION = 1;
				GENERATE_INFOPLIST_FILE = YES;
				IPHONEOS_DEPLOYMENT_TARGET = 18.4;
				MARKETING_VERSION = 1.0;
				PRODUCT_BUNDLE_IDENTIFIER = com.lamtalaa.AIChatAppTests;
				PRODUCT_NAME = "$(TARGET_NAME)";
				SWIFT_EMIT_LOC_STRINGS = NO;
				SWIFT_VERSION = 5.0;
				TARGETED_DEVICE_FAMILY = "1,2";
				TEST_HOST = "$(BUILT_PRODUCTS_DIR)/AIChatApp.app/$(BUNDLE_EXECUTABLE_FOLDER_PATH)/AIChatApp";
			};
			name = Debug;
		};
		8CE46B352DE802A500D77358 /* Release */ = {
			isa = XCBuildConfiguration;
			buildSettings = {
				BUNDLE_LOADER = "$(TEST_HOST)";
				CODE_SIGN_STYLE = Automatic;
				CURRENT_PROJECT_VERSION = 1;
				GENERATE_INFOPLIST_FILE = YES;
				IPHONEOS_DEPLOYMENT_TARGET = 18.4;
				MARKETING_VERSION = 1.0;
				PRODUCT_BUNDLE_IDENTIFIER = com.lamtalaa.AIChatAppTests;
				PRODUCT_NAME = "$(TARGET_NAME)";
				SWIFT_EMIT_LOC_STRINGS = NO;
				SWIFT_VERSION = 5.0;
				TARGETED_DEVICE_FAMILY = "1,2";
				TEST_HOST = "$(BUILT_PRODUCTS_DIR)/AIChatApp.app/$(BUNDLE_EXECUTABLE_FOLDER_PATH)/AIChatApp";
			};
			name = Release;
		};
		8CE46B372DE802A500D77358 /* Debug */ = {
			isa = XCBuildConfiguration;
			buildSettings = {
				CODE_SIGN_STYLE = Automatic;
				CURRENT_PROJECT_VERSION = 1;
				GENERATE_INFOPLIST_FILE = YES;
				MARKETING_VERSION = 1.0;
				PRODUCT_BUNDLE_IDENTIFIER = com.lamtalaa.AIChatAppUITests;
				PRODUCT_NAME = "$(TARGET_NAME)";
				SWIFT_EMIT_LOC_STRINGS = NO;
				SWIFT_VERSION = 5.0;
				TARGETED_DEVICE_FAMILY = "1,2";
				TEST_TARGET_NAME = AIChatApp;
			};
			name = Debug;
		};
		8CE46B382DE802A500D77358 /* Release */ = {
			isa = XCBuildConfiguration;
			buildSettings = {
				CODE_SIGN_STYLE = Automatic;
				CURRENT_PROJECT_VERSION = 1;
				GENERATE_INFOPLIST_FILE = YES;
				MARKETING_VERSION = 1.0;
				PRODUCT_BUNDLE_IDENTIFIER = com.lamtalaa.AIChatAppUITests;
				PRODUCT_NAME = "$(TARGET_NAME)";
				SWIFT_EMIT_LOC_STRINGS = NO;
				SWIFT_VERSION = 5.0;
				TARGETED_DEVICE_FAMILY = "1,2";
				TEST_TARGET_NAME = AIChatApp;
			};
			name = Release;
		};
/* End XCBuildConfiguration section */

/* Begin XCConfigurationList section */
		8CE46B0A2DE802A300D77358 /* Build configuration list for PBXProject "AIChatApp" */ = {
			isa = XCConfigurationList;
			buildConfigurations = (
				8CE46B2E2DE802A500D77358 /* Debug */,
				8CE46B2F2DE802A500D77358 /* Release */,
			);
			defaultConfigurationIsVisible = 0;
			defaultConfigurationName = Release;
		};
		8CE46B302DE802A500D77358 /* Build configuration list for PBXNativeTarget "AIChatApp" */ = {
			isa = XCConfigurationList;
			buildConfigurations = (
				8CE46B312DE802A500D77358 /* Debug */,
				8CE46B322DE802A500D77358 /* Release */,
			);
			defaultConfigurationIsVisible = 0;
			defaultConfigurationName = Release;
		};
		8CE46B332DE802A500D77358 /* Build configuration list for PBXNativeTarget "AIChatAppTests" */ = {
			isa = XCConfigurationList;
			buildConfigurations = (
				8CE46B342DE802A500D77358 /* Debug */,
				8CE46B352DE802A500D77358 /* Release */,
			);
			defaultConfigurationIsVisible = 0;
			defaultConfigurationName = Release;
		};
		8CE46B362DE802A500D77358 /* Build configuration list for PBXNativeTarget "AIChatAppUITests" */ = {
			isa = XCConfigurationList;
			buildConfigurations = (
				8CE46B372DE802A500D77358 /* Debug */,
				8CE46B382DE802A500D77358 /* Release */,
			);
			defaultConfigurationIsVisible = 0;
			defaultConfigurationName = Release;
		};
/* End XCConfigurationList section */

/* Begin XCRemoteSwiftPackageReference section */
		8C4F88982DF3159C00A54601 /* XCRemoteSwiftPackageReference "CoreManager" */ = {
			isa = XCRemoteSwiftPackageReference;
			repositoryURL = "git@github.com:lamtalaa/CoreManager.git";
			requirement = {
				branch = master;
				kind = branch;
			};
		};
/* End XCRemoteSwiftPackageReference section */

/* Begin XCSwiftPackageProductDependency section */
		8C4F88942DF20F9C00A54601 /* CoreManager */ = {
			isa = XCSwiftPackageProductDependency;
			productName = CoreManager;
		};
		8C4F88992DF3159C00A54601 /* CoreManager */ = {
			isa = XCSwiftPackageProductDependency;
			package = 8C4F88982DF3159C00A54601 /* XCRemoteSwiftPackageReference "CoreManager" */;
			productName = CoreManager;
		};
/* End XCSwiftPackageProductDependency section */
	};
	rootObject = 8CE46B072DE802A300D77358 /* Project object */;
}
